
Microsoft Visual Studio Solution File, Format Version 12.00
# Visual Studio Version 16
VisualStudioVersion = 16.0.31424.327
MinimumVisualStudioVersion = 10.0.40219.1
Project("{FAE04EC0-301F-11D3-BF4B-00C04F79EFBC}") = "Web_Parameter_StoredProcedure", "Web_Parameter_StoredProcedure.csproj", "{770C4500-806F-4356-8A14-D04495E7C54A}"
EndProject
Global
	GlobalSection(SolutionConfigurationPlatforms) = preSolution
		Debug|Any CPU = Debug|Any CPU
		Release|Any CPU = Release|Any CPU
	EndGlobalSection
	GlobalSection(ProjectConfigurationPlatforms) = postSolution
		{770C4500-806F-4356-8A14-D04495E7C54A}.Debug|Any CPU.ActiveCfg = Debug|Any CPU
		{770C4500-806F-4356-8A14-D04495E7C54A}.Debug|Any CPU.Build.0 = Debug|Any CPU
		{770C4500-806F-4356-8A14-D04495E7C54A}.Release|Any CPU.ActiveCfg = Release|Any CPU
		{770C4500-806F-4356-8A14-D04495E7C54A}.Release|Any CPU.Build.0 = Release|Any CPU
	EndGlobalSection
	GlobalSection(SolutionProperties) = preSolution
		HideSolutionNode = FALSE
	EndGlobalSection
	GlobalSection(ExtensibilityGlobals) = postSolution
		SolutionGuid = {C4D8F736-119E-4701-BBD2-8CA3A9B85B1E}
	EndGlobalSection
EndGlobal
